// !$*UTF8*$!
{
	archiveVersion = 1;
	classes = {
	};
	objectVersion = 50;
	objects = {

/* Begin PBXBuildFile section */
		20E2EAED3CDDC9193CDBE393 /* Pods_Asepsis.framework in Frameworks */ = {isa = PBXBuildFile; fileRef = 1ED3621DCBFCD41B415718EA /* Pods_Asepsis.framework */; };
		77201A7E23367BEA0003E88F /* GoogleService-Info.plist in Resources */ = {isa = PBXBuildFile; fileRef = 77201A7D23367BEA0003E88F /* GoogleService-Info.plist */; };
		77201A8023367F480003E88F /* homeViewController.swift in Sources */ = {isa = PBXBuildFile; fileRef = 77201A7F23367F480003E88F /* homeViewController.swift */; };
		77201A822336821B0003E88F /* keyboard+Hide.swift in Sources */ = {isa = PBXBuildFile; fileRef = 77201A812336821B0003E88F /* keyboard+Hide.swift */; };
		77291741233684BC009AC711 /* QRViewController.swift in Sources */ = {isa = PBXBuildFile; fileRef = 77291740233684BC009AC711 /* QRViewController.swift */; };
		773F175A2336879C005F18A3 /* userViewController.swift in Sources */ = {isa = PBXBuildFile; fileRef = 773F17592336879C005F18A3 /* userViewController.swift */; };
		774095AD23369B18004D35F4 /* summaryViewController.swift in Sources */ = {isa = PBXBuildFile; fileRef = 774095AC23369B18004D35F4 /* summaryViewController.swift */; };
		77F023F823367310005D6AFF /* AppDelegate.swift in Sources */ = {isa = PBXBuildFile; fileRef = 77F023F723367310005D6AFF /* AppDelegate.swift */; };
		77F023FA23367310005D6AFF /* ViewController.swift in Sources */ = {isa = PBXBuildFile; fileRef = 77F023F923367310005D6AFF /* ViewController.swift */; };
		77F023FD23367310005D6AFF /* Main.storyboard in Resources */ = {isa = PBXBuildFile; fileRef = 77F023FB23367310005D6AFF /* Main.storyboard */; };
		77F023FF23367312005D6AFF /* Assets.xcassets in Resources */ = {isa = PBXBuildFile; fileRef = 77F023FE23367312005D6AFF /* Assets.xcassets */; };
		77F0240223367312005D6AFF /* LaunchScreen.storyboard in Resources */ = {isa = PBXBuildFile; fileRef = 77F0240023367312005D6AFF /* LaunchScreen.storyboard */; };
/* End PBXBuildFile section */

/* Begin PBXFileReference section */
		1ED3621DCBFCD41B415718EA /* Pods_Asepsis.framework */ = {isa = PBXFileReference; explicitFileType = wrapper.framework; includeInIndex = 0; path = Pods_Asepsis.framework; sourceTree = BUILT_PRODUCTS_DIR; };
		61208F81E59711665DC0DCE4 /* Pods-Asepsis.release.xcconfig */ = {isa = PBXFileReference; includeInIndex = 1; lastKnownFileType = text.xcconfig; name = "Pods-Asepsis.release.xcconfig"; path = "Target Support Files/Pods-Asepsis/Pods-Asepsis.release.xcconfig"; sourceTree = "<group>"; };
		77201A7D23367BEA0003E88F /* GoogleService-Info.plist */ = {isa = PBXFileReference; fileEncoding = 4; lastKnownFileType = text.plist.xml; path = "GoogleService-Info.plist"; sourceTree = "<group>"; };
		77201A7F23367F480003E88F /* homeViewController.swift */ = {isa = PBXFileReference; lastKnownFileType = sourcecode.swift; path = homeViewController.swift; sourceTree = "<group>"; };
		77201A812336821B0003E88F /* keyboard+Hide.swift */ = {isa = PBXFileReference; fileEncoding = 4; lastKnownFileType = sourcecode.swift; path = "keyboard+Hide.swift"; sourceTree = "<group>"; };
		77291740233684BC009AC711 /* QRViewController.swift */ = {isa = PBXFileReference; fileEncoding = 4; lastKnownFileType = sourcecode.swift; path = QRViewController.swift; sourceTree = "<group>"; };
		773F17592336879C005F18A3 /* userViewController.swift */ = {isa = PBXFileReference; lastKnownFileType = sourcecode.swift; path = userViewController.swift; sourceTree = "<group>"; };
		774095AC23369B18004D35F4 /* summaryViewController.swift */ = {isa = PBXFileReference; lastKnownFileType = sourcecode.swift; path = summaryViewController.swift; sourceTree = "<group>"; };
		77F023F423367310005D6AFF /* Asepsis.app */ = {isa = PBXFileReference; explicitFileType = wrapper.application; includeInIndex = 0; path = Asepsis.app; sourceTree = BUILT_PRODUCTS_DIR; };
		77F023F723367310005D6AFF /* AppDelegate.swift */ = {isa = PBXFileReference; lastKnownFileType = sourcecode.swift; path = AppDelegate.swift; sourceTree = "<group>"; };
		77F023F923367310005D6AFF /* ViewController.swift */ = {isa = PBXFileReference; lastKnownFileType = sourcecode.swift; path = ViewController.swift; sourceTree = "<group>"; };
		77F023FC23367310005D6AFF /* Base */ = {isa = PBXFileReference; lastKnownFileType = file.storyboard; name = Base; path = Base.lproj/Main.storyboard; sourceTree = "<group>"; };
		77F023FE23367312005D6AFF /* Assets.xcassets */ = {isa = PBXFileReference; lastKnownFileType = folder.assetcatalog; path = Assets.xcassets; sourceTree = "<group>"; };
		77F0240123367312005D6AFF /* Base */ = {isa = PBXFileReference; lastKnownFileType = file.storyboard; name = Base; path = Base.lproj/LaunchScreen.storyboard; sourceTree = "<group>"; };
		77F0240323367312005D6AFF /* Info.plist */ = {isa = PBXFileReference; lastKnownFileType = text.plist.xml; path = Info.plist; sourceTree = "<group>"; };
		AAF9E560D2EC945B6E2AC4F2 /* Pods-Asepsis.debug.xcconfig */ = {isa = PBXFileReference; includeInIndex = 1; lastKnownFileType = text.xcconfig; name = "Pods-Asepsis.debug.xcconfig"; path = "Target Support Files/Pods-Asepsis/Pods-Asepsis.debug.xcconfig"; sourceTree = "<group>"; };
/* End PBXFileReference section */

/* Begin PBXFrameworksBuildPhase section */
		77F023F123367310005D6AFF /* Frameworks */ = {
			isa = PBXFrameworksBuildPhase;
			buildActionMask = 2147483647;
			files = (
				20E2EAED3CDDC9193CDBE393 /* Pods_Asepsis.framework in Frameworks */,
			);
			runOnlyForDeploymentPostprocessing = 0;
		};
/* End PBXFrameworksBuildPhase section */

/* Begin PBXGroup section */
		4A717A82250C26124B6ED917 /* Frameworks */ = {
			isa = PBXGroup;
			children = (
				1ED3621DCBFCD41B415718EA /* Pods_Asepsis.framework */,
			);
			name = Frameworks;
			sourceTree = "<group>";
		};
		77F023EB23367310005D6AFF = {
			isa = PBXGroup;
			children = (
				77F023F623367310005D6AFF /* Asepsis */,
				77F023F523367310005D6AFF /* Products */,
				7A38FEE35F2C195C16992741 /* Pods */,
				4A717A82250C26124B6ED917 /* Frameworks */,
			);
			sourceTree = "<group>";
		};
		77F023F523367310005D6AFF /* Products */ = {
			isa = PBXGroup;
			children = (
				77F023F423367310005D6AFF /* Asepsis.app */,
			);
			name = Products;
			sourceTree = "<group>";
		};
		77F023F623367310005D6AFF /* Asepsis */ = {
			isa = PBXGroup;
			children = (
				77F023F723367310005D6AFF /* AppDelegate.swift */,
				77F023F923367310005D6AFF /* ViewController.swift */,
				77201A812336821B0003E88F /* keyboard+Hide.swift */,
				77291740233684BC009AC711 /* QRViewController.swift */,
				774095AC23369B18004D35F4 /* summaryViewController.swift */,
				77201A7F23367F480003E88F /* homeViewController.swift */,
				773F17592336879C005F18A3 /* userViewController.swift */,
				77F023FB23367310005D6AFF /* Main.storyboard */,
				77F023FE23367312005D6AFF /* Assets.xcassets */,
				77F0240023367312005D6AFF /* LaunchScreen.storyboard */,
				77F0240323367312005D6AFF /* Info.plist */,
				77201A7D23367BEA0003E88F /* GoogleService-Info.plist */,
			);
			path = Asepsis;
			sourceTree = "<group>";
		};
		7A38FEE35F2C195C16992741 /* Pods */ = {
			isa = PBXGroup;
			children = (
				AAF9E560D2EC945B6E2AC4F2 /* Pods-Asepsis.debug.xcconfig */,
				61208F81E59711665DC0DCE4 /* Pods-Asepsis.release.xcconfig */,
			);
			path = Pods;
			sourceTree = "<group>";
		};
/* End PBXGroup section */

/* Begin PBXNativeTarget section */
		77F023F323367310005D6AFF /* Asepsis */ = {
			isa = PBXNativeTarget;
			buildConfigurationList = 77F0240623367312005D6AFF /* Build configuration list for PBXNativeTarget "Asepsis" */;
			buildPhases = (
				A688827938D9D8004A0ADC8D /* [CP] Check Pods Manifest.lock */,
				77F023F023367310005D6AFF /* Sources */,
				77F023F123367310005D6AFF /* Frameworks */,
				77F023F223367310005D6AFF /* Resources */,
				33EF11DFBA06DB7A1F8EE5E6 /* [CP] Embed Pods Frameworks */,
			);
			buildRules = (
			);
			dependencies = (
			);
			name = Asepsis;
			productName = Asepsis;
			productReference = 77F023F423367310005D6AFF /* Asepsis.app */;
			productType = "com.apple.product-type.application";
		};
/* End PBXNativeTarget section */

/* Begin PBXProject section */
		77F023EC23367310005D6AFF /* Project object */ = {
			isa = PBXProject;
			attributes = {
				LastSwiftUpdateCheck = 1010;
				LastUpgradeCheck = 1010;
				ORGANIZATIONNAME = "Devang Patel";
				TargetAttributes = {
					77F023F323367310005D6AFF = {
						CreatedOnToolsVersion = 10.1;
					};
				};
			};
			buildConfigurationList = 77F023EF23367310005D6AFF /* Build configuration list for PBXProject "Asepsis" */;
			compatibilityVersion = "Xcode 9.3";
			developmentRegion = en;
			hasScannedForEncodings = 0;
			knownRegions = (
				en,
				Base,
			);
			mainGroup = 77F023EB23367310005D6AFF;
			productRefGroup = 77F023F523367310005D6AFF /* Products */;
			projectDirPath = "";
			projectRoot = "";
			targets = (
				77F023F323367310005D6AFF /* Asepsis */,
			);
		};
/* End PBXProject section */

/* Begin PBXResourcesBuildPhase section */
		77F023F223367310005D6AFF /* Resources */ = {
			isa = PBXResourcesBuildPhase;
			buildActionMask = 2147483647;
			files = (
				77F0240223367312005D6AFF /* LaunchScreen.storyboard in Resources */,
				77201A7E23367BEA0003E88F /* GoogleService-Info.plist in Resources */,
				77F023FF23367312005D6AFF /* Assets.xcassets in Resources */,
				77F023FD23367310005D6AFF /* Main.storyboard in Resources */,
			);
			runOnlyForDeploymentPostprocessing = 0;
		};
/* End PBXResourcesBuildPhase section */

/* Begin PBXShellScriptBuildPhase section */
		33EF11DFBA06DB7A1F8EE5E6 /* [CP] Embed Pods Frameworks */ = {
			isa = PBXShellScriptBuildPhase;
			buildActionMask = 2147483647;
			files = (
			);
			inputFileListPaths = (
			);
			inputPaths = (
				"${PODS_ROOT}/Target Support Files/Pods-Asepsis/Pods-Asepsis-frameworks.sh",
				"${BUILT_PRODUCTS_DIR}/GTMSessionFetcher/GTMSessionFetcher.framework",
				"${BUILT_PRODUCTS_DIR}/GoogleUtilities/GoogleUtilities.framework",
				"${BUILT_PRODUCTS_DIR}/leveldb-library/leveldb.framework",
			);
			name = "[CP] Embed Pods Frameworks";
			outputFileListPaths = (
			);
			outputPaths = (
				"${TARGET_BUILD_DIR}/${FRAMEWORKS_FOLDER_PATH}/GTMSessionFetcher.framework",
				"${TARGET_BUILD_DIR}/${FRAMEWORKS_FOLDER_PATH}/GoogleUtilities.framework",
				"${TARGET_BUILD_DIR}/${FRAMEWORKS_FOLDER_PATH}/leveldb.framework",
			);
			runOnlyForDeploymentPostprocessing = 0;
			shellPath = /bin/sh;
			shellScript = "\"${PODS_ROOT}/Target Support Files/Pods-Asepsis/Pods-Asepsis-frameworks.sh\"\n";
			showEnvVarsInLog = 0;
		};
		A688827938D9D8004A0ADC8D /* [CP] Check Pods Manifest.lock */ = {
			isa = PBXShellScriptBuildPhase;
			buildActionMask = 2147483647;
			files = (
			);
			inputFileListPaths = (
			);
			inputPaths = (
				"${PODS_PODFILE_DIR_PATH}/Podfile.lock",
				"${PODS_ROOT}/Manifest.lock",
			);
			name = "[CP] Check Pods Manifest.lock";
			outputFileListPaths = (
			);
			outputPaths = (
				"$(DERIVED_FILE_DIR)/Pods-Asepsis-checkManifestLockResult.txt",
			);
			runOnlyForDeploymentPostprocessing = 0;
			shellPath = /bin/sh;
			shellScript = "diff \"${PODS_PODFILE_DIR_PATH}/Podfile.lock\" \"${PODS_ROOT}/Manifest.lock\" > /dev/null\nif [ $? != 0 ] ; then\n    # print error to STDERR\n    echo \"error: The sandbox is not in sync with the Podfile.lock. Run 'pod install' or update your CocoaPods installation.\" >&2\n    exit 1\nfi\n# This output is used by Xcode 'outputs' to avoid re-running this script phase.\necho \"SUCCESS\" > \"${SCRIPT_OUTPUT_FILE_0}\"\n";
			showEnvVarsInLog = 0;
		};
/* End PBXShellScriptBuildPhase section */

/* Begin PBXSourcesBuildPhase section */
		77F023F023367310005D6AFF /* Sources */ = {
			isa = PBXSourcesBuildPhase;
			buildActionMask = 2147483647;
			files = (
				77201A822336821B0003E88F /* keyboard+Hide.swift in Sources */,
				77F023FA23367310005D6AFF /* ViewController.swift in Sources */,
				77201A8023367F480003E88F /* homeViewController.swift in Sources */,
				773F175A2336879C005F18A3 /* userViewController.swift in Sources */,
				77F023F823367310005D6AFF /* AppDelegate.swift in Sources */,
				774095AD23369B18004D35F4 /* summaryViewController.swift in Sources */,
				77291741233684BC009AC711 /* QRViewController.swift in Sources */,
			);
			runOnlyForDeploymentPostprocessing = 0;
		};
/* End PBXSourcesBuildPhase section */

/* Begin PBXVariantGroup section */
		77F023FB23367310005D6AFF /* Main.storyboard */ = {
			isa = PBXVariantGroup;
			children = (
				77F023FC23367310005D6AFF /* Base */,
			);
			name = Main.storyboard;
			sourceTree = "<group>";
		};
		77F0240023367312005D6AFF /* LaunchScreen.storyboard */ = {
			isa = PBXVariantGroup;
			children = (
				77F0240123367312005D6AFF /* Base */,
			);
			name = LaunchScreen.storyboard;
			sourceTree = "<group>";
		};
/* End PBXVariantGroup section */

/* Begin XCBuildConfiguration section */
		77F0240423367312005D6AFF /* Debug */ = {
			isa = XCBuildConfiguration;
			buildSettings = {
				ALWAYS_SEARCH_USER_PATHS = NO;
				CLANG_ANALYZER_NONNULL = YES;
				CLANG_ANALYZER_NUMBER_OBJECT_CONVERSION = YES_AGGRESSIVE;
				CLANG_CXX_LANGUAGE_STANDARD = "gnu++14";
				CLANG_CXX_LIBRARY = "libc++";
				CLANG_ENABLE_MODULES = YES;
				CLANG_ENABLE_OBJC_ARC = YES;
				CLANG_ENABLE_OBJC_WEAK = YES;
				CLANG_WARN_BLOCK_CAPTURE_AUTORELEASING = YES;
				CLANG_WARN_BOOL_CONVERSION = YES;
				CLANG_WARN_COMMA = YES;
				CLANG_WARN_CONSTANT_CONVERSION = YES;
				CLANG_WARN_DEPRECATED_OBJC_IMPLEMENTATIONS = YES;
				CLANG_WARN_DIRECT_OBJC_ISA_USAGE = YES_ERROR;
				CLANG_WARN_DOCUMENTATION_COMMENTS = YES;
				CLANG_WARN_EMPTY_BODY = YES;
				CLANG_WARN_ENUM_CONVERSION = YES;
				CLANG_WARN_INFINITE_RECURSION = YES;
				CLANG_WARN_INT_CONVERSION = YES;
				CLANG_WARN_NON_LITERAL_NULL_CONVERSION = YES;
				CLANG_WARN_OBJC_IMPLICIT_RETAIN_SELF = YES;
				CLANG_WARN_OBJC_LITERAL_CONVERSION = YES;
				CLANG_WARN_OBJC_ROOT_CLASS = YES_ERROR;
				CLANG_WARN_RANGE_LOOP_ANALYSIS = YES;
				CLANG_WARN_STRICT_PROTOTYPES = YES;
				CLANG_WARN_SUSPICIOUS_MOVE = YES;
				CLANG_WARN_UNGUARDED_AVAILABILITY = YES_AGGRESSIVE;
				CLANG_WARN_UNREACHABLE_CODE = YES;
				CLANG_WARN__DUPLICATE_METHOD_MATCH = YES;
				CODE_SIGN_IDENTITY = "iPhone Developer";
				COPY_PHASE_STRIP = NO;
				DEBUG_INFORMATION_FORMAT = dwarf;
				ENABLE_STRICT_OBJC_MSGSEND = YES;
				ENABLE_TESTABILITY = YES;
				GCC_C_LANGUAGE_STANDARD = gnu11;
				GCC_DYNAMIC_NO_PIC = NO;
				GCC_NO_COMMON_BLOCKS = YES;
				GCC_OPTIMIZATION_LEVEL = 0;
				GCC_PREPROCESSOR_DEFINITIONS = (
					"DEBUG=1",
					"$(inherited)",
				);
				GCC_WARN_64_TO_32_BIT_CONVERSION = YES;
				GCC_WARN_ABOUT_RETURN_TYPE = YES_ERROR;
				GCC_WARN_UNDECLARED_SELECTOR = YES;
				GCC_WARN_UNINITIALIZED_AUTOS = YES_AGGRESSIVE;
				GCC_WARN_UNUSED_FUNCTION = YES;
				GCC_WARN_UNUSED_VARIABLE = YES;
				IPHONEOS_DEPLOYMENT_TARGET = 12.1;
				MTL_ENABLE_DEBUG_INFO = INCLUDE_SOURCE;
				MTL_FAST_MATH = YES;
				ONLY_ACTIVE_ARCH = YES;
				SDKROOT = iphoneos;
				SWIFT_ACTIVE_COMPILATION_CONDITIONS = DEBUG;
				SWIFT_OPTIMIZATION_LEVEL = "-Onone";
			};
			name = Debug;
		};
		77F0240523367312005D6AFF /* Release */ = {
			isa = XCBuildConfiguration;
			buildSettings = {
				ALWAYS_SEARCH_USER_PATHS = NO;
				CLANG_ANALYZER_NONNULL = YES;
				CLANG_ANALYZER_NUMBER_OBJECT_CONVERSION = YES_AGGRESSIVE;
				CLANG_CXX_LANGUAGE_STANDARD = "gnu++14";
				CLANG_CXX_LIBRARY = "libc++";
				CLANG_ENABLE_MODULES = YES;
				CLANG_ENABLE_OBJC_ARC = YES;
				CLANG_ENABLE_OBJC_WEAK = YES;
				CLANG_WARN_BLOCK_CAPTURE_AUTORELEASING = YES;
				CLANG_WARN_BOOL_CONVERSION = YES;
				CLANG_WARN_COMMA = YES;
				CLANG_WARN_CONSTANT_CONVERSION = YES;
				CLANG_WARN_DEPRECATED_OBJC_IMPLEMENTATIONS = YES;
				CLANG_WARN_DIRECT_OBJC_ISA_USAGE = YES_ERROR;
				CLANG_WARN_DOCUMENTATION_COMMENTS = YES;
				CLANG_WARN_EMPTY_BODY = YES;
				CLANG_WARN_ENUM_CONVERSION = YES;
				CLANG_WARN_INFINITE_RECURSION = YES;
				CLANG_WARN_INT_CONVERSION = YES;
				CLANG_WARN_NON_LITERAL_NULL_CONVERSION = YES;
				CLANG_WARN_OBJC_IMPLICIT_RETAIN_SELF = YES;
				CLANG_WARN_OBJC_LITERAL_CONVERSION = YES;
				CLANG_WARN_OBJC_ROOT_CLASS = YES_ERROR;
				CLANG_WARN_RANGE_LOOP_ANALYSIS = YES;
				CLANG_WARN_STRICT_PROTOTYPES = YES;
				CLANG_WARN_SUSPICIOUS_MOVE = YES;
				CLANG_WARN_UNGUARDED_AVAILABILITY = YES_AGGRESSIVE;
				CLANG_WARN_UNREACHABLE_CODE = YES;
				CLANG_WARN__DUPLICATE_METHOD_MATCH = YES;
				CODE_SIGN_IDENTITY = "iPhone Developer";
				COPY_PHASE_STRIP = NO;
				DEBUG_INFORMATION_FORMAT = "dwarf-with-dsym";
				ENABLE_NS_ASSERTIONS = NO;
				ENABLE_STRICT_OBJC_MSGSEND = YES;
				GCC_C_LANGUAGE_STANDARD = gnu11;
				GCC_NO_COMMON_BLOCKS = YES;
				GCC_WARN_64_TO_32_BIT_CONVERSION = YES;
				GCC_WARN_ABOUT_RETURN_TYPE = YES_ERROR;
				GCC_WARN_UNDECLARED_SELECTOR = YES;
				GCC_WARN_UNINITIALIZED_AUTOS = YES_AGGRESSIVE;
				GCC_WARN_UNUSED_FUNCTION = YES;
				GCC_WARN_UNUSED_VARIABLE = YES;
				IPHONEOS_DEPLOYMENT_TARGET = 12.1;
				MTL_ENABLE_DEBUG_INFO = NO;
				MTL_FAST_MATH = YES;
				SDKROOT = iphoneos;
				SWIFT_COMPILATION_MODE = wholemodule;
				SWIFT_OPTIMIZATION_LEVEL = "-O";
				VALIDATE_PRODUCT = YES;
			};
			name = Release;
		};
		77F0240723367312005D6AFF /* Debug */ = {
			isa = XCBuildConfiguration;
			baseConfigurationReference = AAF9E560D2EC945B6E2AC4F2 /* Pods-Asepsis.debug.xcconfig */;
			buildSettings = {
				ASSETCATALOG_COMPILER_APPICON_NAME = AppIcon;
				CODE_SIGN_STYLE = Automatic;
				DEVELOPMENT_TEAM = GTXX84TV93;
				INFOPLIST_FILE = Asepsis/Info.plist;
				LD_RUNPATH_SEARCH_PATHS = (
					"$(inherited)",
					"@executable_path/Frameworks",
				);
				PRODUCT_BUNDLE_IDENTIFIER = in.devangpatel.Asepsis;
				PRODUCT_NAME = "$(TARGET_NAME)";
				SWIFT_VERSION = 4.2;
				TARGETED_DEVICE_FAMILY = "1,2";
			};
			name = Debug;
		};
		77F0240823367312005D6AFF /* Release */ = {
			isa = XCBuildConfiguration;
			baseConfigurationReference = 61208F81E59711665DC0DCE4 /* Pods-Asepsis.release.xcconfig */;
			buildSettings = {
				ASSETCATALOG_COMPILER_APPICON_NAME = AppIcon;
				CODE_SIGN_STYLE = Automatic;
				DEVELOPMENT_TEAM = GTXX84TV93;
				INFOPLIST_FILE = Asepsis/Info.plist;
				LD_RUNPATH_SEARCH_PATHS = (
					"$(inherited)",
					"@executable_path/Frameworks",
				);
				PRODUCT_BUNDLE_IDENTIFIER = in.devangpatel.Asepsis;
				PRODUCT_NAME = "$(TARGET_NAME)";
				SWIFT_VERSION = 4.2;
				TARGETED_DEVICE_FAMILY = "1,2";
			};
			name = Release;
		};
/* End XCBuildConfiguration section */

/* Begin XCConfigurationList section */
		77F023EF23367310005D6AFF /* Build configuration list for PBXProject "Asepsis" */ = {
			isa = XCConfigurationList;
			buildConfigurations = (
				77F0240423367312005D6AFF /* Debug */,
				77F0240523367312005D6AFF /* Release */,
			);
			defaultConfigurationIsVisible = 0;
			defaultConfigurationName = Release;
		};
		77F0240623367312005D6AFF /* Build configuration list for PBXNativeTarget "Asepsis" */ = {
			isa = XCConfigurationList;
			buildConfigurations = (
				77F0240723367312005D6AFF /* Debug */,
				77F0240823367312005D6AFF /* Release */,
			);
			defaultConfigurationIsVisible = 0;
			defaultConfigurationName = Release;
		};
/* End XCConfigurationList section */
	};
	rootObject = 77F023EC23367310005D6AFF /* Project object */;
}
